
Microsoft Visual Studio Solution File, Format Version 12.00
# Visual Studio Version 17
VisualStudioVersion = 17.0.31903.59
MinimumVisualStudioVersion = 10.0.40219.1
Project("{9A19103F-16F7-4668-BE54-9A1E7A4F7556}") = "abstractions", "abstractions\abstractions.csproj", "{2DC9EC9B-DD0E-43BD-9C4B-03F9492EDAB7}"
EndProject
Project("{9A19103F-16F7-4668-BE54-9A1E7A4F7556}") = "client-app", "client-app\client-app.csproj", "{CB19D206-EE94-4EEB-A42C-331C65478356}"
EndProject
Project("{9A19103F-16F7-4668-BE54-9A1E7A4F7556}") = "web-app", "web-app\web-app.csproj", "{D6EDDBCD-130D-4A16-8C96-63347A41F028}"
EndProject
Project("{FAE04EC0-301F-11D3-BF4B-00C04F79EFBC}") = "func-app", "func-app\func-app.csproj", "{1C651AF0-274D-46DD-A7B0-6EB5FE8E1EAF}"
EndProject
Global
	GlobalSection(SolutionConfigurationPlatforms) = preSolution
		Debug|Any CPU = Debug|Any CPU
		Release|Any CPU = Release|Any CPU
	EndGlobalSection
	GlobalSection(ProjectConfigurationPlatforms) = postSolution
		{2DC9EC9B-DD0E-43BD-9C4B-03F9492EDAB7}.Debug|Any CPU.ActiveCfg = Debug|Any CPU
		{2DC9EC9B-DD0E-43BD-9C4B-03F9492EDAB7}.Debug|Any CPU.Build.0 = Debug|Any CPU
		{2DC9EC9B-DD0E-43BD-9C4B-03F9492EDAB7}.Release|Any CPU.ActiveCfg = Release|Any CPU
		{2DC9EC9B-DD0E-43BD-9C4B-03F9492EDAB7}.Release|Any CPU.Build.0 = Release|Any CPU
		{CB19D206-EE94-4EEB-A42C-331C65478356}.Debug|Any CPU.ActiveCfg = Debug|Any CPU
		{CB19D206-EE94-4EEB-A42C-331C65478356}.Debug|Any CPU.Build.0 = Debug|Any CPU
		{CB19D206-EE94-4EEB-A42C-331C65478356}.Release|Any CPU.ActiveCfg = Release|Any CPU
		{CB19D206-EE94-4EEB-A42C-331C65478356}.Release|Any CPU.Build.0 = Release|Any CPU
		{D6EDDBCD-130D-4A16-8C96-63347A41F028}.Debug|Any CPU.ActiveCfg = Debug|Any CPU
		{D6EDDBCD-130D-4A16-8C96-63347A41F028}.Debug|Any CPU.Build.0 = Debug|Any CPU
		{D6EDDBCD-130D-4A16-8C96-63347A41F028}.Release|Any CPU.ActiveCfg = Release|Any CPU
		{D6EDDBCD-130D-4A16-8C96-63347A41F028}.Release|Any CPU.Build.0 = Release|Any CPU
		{1C651AF0-274D-46DD-A7B0-6EB5FE8E1EAF}.Debug|Any CPU.ActiveCfg = Debug|Any CPU
		{1C651AF0-274D-46DD-A7B0-6EB5FE8E1EAF}.Debug|Any CPU.Build.0 = Debug|Any CPU
		{1C651AF0-274D-46DD-A7B0-6EB5FE8E1EAF}.Release|Any CPU.ActiveCfg = Release|Any CPU
		{1C651AF0-274D-46DD-A7B0-6EB5FE8E1EAF}.Release|Any CPU.Build.0 = Release|Any CPU
	EndGlobalSection
	GlobalSection(SolutionProperties) = preSolution
		HideSolutionNode = FALSE
	EndGlobalSection
	GlobalSection(ExtensibilityGlobals) = postSolution
		SolutionGuid = {8BD6E154-B083-4B6D-90C1-1E732726BF89}
	EndGlobalSection
EndGlobal
